version = 1
revision = 3
requires-python = ">=3.13"

[[package]]
name = "day1"
version = "0.1.0"
source = { virtual = "." }
dependencies = [
    { name = "mysql-connector-python" },
]

[package.metadata]
requires-dist = [{ name = "mysql-connector-python", specifier = ">=9.7.0" }]

[[package]]
name = "mysql-connector-python"
version = "9.7.0"
source = { registry = "https://pypi.org/simple" }
sdist = { url = "https://files.pythonhosted.org/packages/26/c9/a9446dbebbcdf7d828d0a3be9049607eab6eeffb4e46ef1ee8ac304baede/mysql_connector_python-9.7.0.tar.gz", hash = "sha256:933887e71c871b6e9d8908459fe8303ebcf8feb5cc1e1c49caa6490e525cf78e", size = 12254829, upload-time = "2026-04-30T07:55:39.797Z" }
wheels = [
    { url = "https://files.pythonhosted.org/packages/6f/f5/9b07250bc98c7abae0e538423fe8a2fda0f799c606dbe82014412299340c/mysql_connector_python-9.7.0-cp313-cp313-macosx_14_0_arm64.whl", hash = "sha256:e3842ecd62391a28c1dda5eb817f40418715e68482a8c146b3c478ac8bb7a23f", size = 20270283, upload-time = "2026-04-30T07:54:21.23Z" },
    { url = "https://files.pythonhosted.org/packages/3c/2e/70a1549a52add00775e073fdd7b7b57c21a330ea6f01b26ea8ef0ac3dba8/mysql_connector_python-9.7.0-cp313-cp313-macosx_14_0_x86_64.whl", hash = "sha256:9da73e212bb08e4df286506ffbda943063bbce448375a7db29748bb367f4e0af", size = 19830388, upload-time = "2026-04-30T07:54:23.51Z" },
    { url = "https://files.pythonhosted.org/packages/81/f1/ef64f3c715f55d238ac56b0e0278408501ddc60aa62affa056eab167e28c/mysql_connector_python-9.7.0-cp313-cp313-manylinux_2_28_aarch64.whl", hash = "sha256:39bf31cdbe920eae08801eb829584dc27f70dadbdb3a5c3b78402f54cea87ab0", size = 21925396, upload-time = "2026-04-30T07:54:25.657Z" },
    { url = "https://files.pythonhosted.org/packages/2d/17/e957dad49741680b7d0f69aef2b2144b22061c50581aaf0022ccf8de7e38/mysql_connector_python-9.7.0-cp313-cp313-manylinux_2_28_x86_64.whl", hash = "sha256:236a4b8abfac8217517ce9e9edc735decf55282ada3890b3cd33770009f33d68", size = 21695834, upload-time = "2026-04-30T07:54:28.179Z" },
    { url = "https://files.pythonhosted.org/packages/08/b6/bc9018fb02748ef83acbabbb4ef8467162cf39fc207e4e575595ffe22fd0/mysql_connector_python-9.7.0-cp313-cp313-win_amd64.whl", hash = "sha256:229ffce2333b88b59f8f034881e12dc85b309615338be9f843ed63923db99d52", size = 17678686, upload-time = "2026-04-30T07:54:30.317Z" },
    { url = "https://files.pythonhosted.org/packages/46/db/453c6916b4b1cad6c8e56631e67f81e0d01b52690de541894728c2122f70/mysql_connector_python-9.7.0-cp314-cp314-macosx_14_0_arm64.whl", hash = "sha256:9e17ceb79c1c4c137a5994f8ca8c6a1ce8ebf83eda3ccc21dd67f2c1398680f0", size = 20270277, upload-time = "2026-04-30T07:54:32.628Z" },
    { url = "https://files.pythonhosted.org/packages/d7/6d/3ff4dc01806511a3741764eafd5c28b73de18d3a3dfb391d4e4cfe51e1ca/mysql_connector_python-9.7.0-cp314-cp314-macosx_14_0_x86_64.whl", hash = "sha256:272c4e8263f6a514e4ae65e9553ed214fc9d4cf1f0f6bedca30def20c2ae1d52", size = 19830318, upload-time = "2026-04-30T07:54:34.952Z" },
    { url = "https://files.pythonhosted.org/packages/3e/79/b55c8f84a86071e5038567849c9cae4e3c96b211ce843c0f1808528bc202/mysql_connector_python-9.7.0-cp314-cp314-manylinux_2_28_aarch64.whl", hash = "sha256:9549a2974353407427b574f005c92f03972e303182b4c3b4a272bf4ca10855ed", size = 21924702, upload-time = "2026-04-30T07:54:37.418Z" },
    { url = "https://files.pythonhosted.org/packages/61/3e/2ab7a525209826bde620f9029b2c8f340a16b4151384813827477d475569/mysql_connector_python-9.7.0-cp314-cp314-manylinux_2_28_x86_64.whl", hash = "sha256:ea4e05ab864ab8b0b5066d885d89ca51e5ba1320dba520c20a6f9388a8eca022", size = 21696426, upload-time = "2026-04-30T07:54:39.938Z" },
    { url = "https://files.pythonhosted.org/packages/af/94/e370c40a6863752ba6886f20b960284daeef78b2a0e23f38d141b4aa7e76/mysql_connector_python-9.7.0-cp314-cp314-win_amd64.whl", hash = "sha256:5a5abbc152bc28cb2e64a04605ecd9941eff6b0dc5f9528cb84adb873e9a1e49", size = 18197576, upload-time = "2026-04-30T07:54:42.041Z" },
    { url = "https://files.pythonhosted.org/packages/38/55/4ebb602d270108ea6e81ccdfe4aa0a511fedffdc3ef6c193ac9ff76402fe/mysql_connector_python-9.7.0-py2.py3-none-any.whl", hash = "sha256:af80b1e7179d5c2d983cf62470ad9b134a7e9ef05cf31108ae587f15873530cc", size = 480646, upload-time = "2026-04-30T07:54:43.82Z" },
]
